
Microsoft Visual Studio Solution File, Format Version 12.00
# Visual Studio Version 16
VisualStudioVersion = 16.0.31729.503
MinimumVisualStudioVersion = 10.0.40219.1
Project("{FAE04EC0-301F-11D3-BF4B-00C04F79EFBC}") = "Neutron blast", "Neutron blast.csproj", "{0FDF016C-A7C6-49CD-B98F-3D8B14B986B1}"
EndProject
Global
	GlobalSection(SolutionConfigurationPlatforms) = preSolution
		Debug|Any CPU = Debug|Any CPU
		Release|Any CPU = Release|Any CPU
	EndGlobalSection
	GlobalSection(ProjectConfigurationPlatforms) = postSolution
		{0FDF016C-A7C6-49CD-B98F-3D8B14B986B1}.Debug|Any CPU.ActiveCfg = Debug|Any CPU
		{0FDF016C-A7C6-49CD-B98F-3D8B14B986B1}.Debug|Any CPU.Build.0 = Debug|Any CPU
		{0FDF016C-A7C6-49CD-B98F-3D8B14B986B1}.Release|Any CPU.ActiveCfg = Release|Any CPU
		{0FDF016C-A7C6-49CD-B98F-3D8B14B986B1}.Release|Any CPU.Build.0 = Release|Any CPU
	EndGlobalSection
	GlobalSection(SolutionProperties) = preSolution
		HideSolutionNode = FALSE
	EndGlobalSection
	GlobalSection(ExtensibilityGlobals) = postSolution
		SolutionGuid = {A2763984-C1BD-498A-9DFF-F34D13B21453}
	EndGlobalSection
EndGlobal
